{
  "name": "airplane-tasks",
  "version": "0.0.1",
  "lockfileVersion": 2,
  "requires": true,
  "packages": {
    "": {
      "name": "airplane-tasks",
      "version": "0.0.1",
      "dependencies": {
        "airplane": "0.1.2",
        "execa": "6.1.0"
      },
      "devDependencies": {
        "@types/node": "17.0.35"
      }
    },
    "node_modules/@types/node": {
      "version": "17.0.35",
      "dev": true,
      "license": "MIT"
    },
    "node_modules/airplane": {
      "version": "0.1.2",
      "license": "MIT",
      "dependencies": {
        "uuid": "^8.3.0"
      }
    },
    "node_modules/cross-spawn": {
      "version": "7.0.3",
      "license": "MIT",
      "dependencies": {
        "path-key": "^3.1.0",
        "shebang-command": "^2.0.0",
        "which": "^2.0.1"
      },
      "engines": {
        "node": ">= 8"
      }
    },
    "node_modules/execa": {
      "version": "6.1.0",
      "license": "MIT",
      "dependencies": {
        "cross-spawn": "^7.0.3",
        "get-stream": "^6.0.1",
        "human-signals": "^3.0.1",
        "is-stream": "^3.0.0",
        "merge-stream": "^2.0.0",
        "npm-run-path": "^5.1.0",
        "onetime": "^6.0.0",
        "signal-exit": "^3.0.7",
        "strip-final-newline": "^3.0.0"
      },
      "engines": {
        "node": "^12.20.0 || ^14.13.1 || >=16.0.0"
      },
      "funding": {
        "url": "https://github.com/sindresorhus/execa?sponsor=1"
      }
    },
    "node_modules/get-stream": {
      "version": "6.0.1",
      "license": "MIT",
      "engines": {
        "node": ">=10"
      },
      "funding": {
        "url": "https://github.com/sponsors/sindresorhus"
      }
    },
    "node_modules/human-signals": {
      "version": "3.0.1",
      "license": "Apache-2.0",
      "engines": {
        "node": ">=12.20.0"
      }
    },
    "node_modules/is-stream": {
      "version": "3.0.0",
      "license": "MIT",
      "engines": {
        "node": "^12.20.0 || ^14.13.1 || >=16.0.0"
      },
      "funding": {
        "url": "https://github.com/sponsors/sindresorhus"
      }
    },
    "node_modules/isexe": {
      "version": "2.0.0",
      "license": "ISC"
    },
    "node_modules/merge-stream": {
      "version": "2.0.0",
      "license": "MIT"
    },
    "node_modules/mimic-fn": {
      "version": "4.0.0",
      "license": "MIT",
      "engines": {
        "node": ">=12"
      },
      "funding": {
        "url": "https://github.com/sponsors/sindresorhus"
      }
    },
    "node_modules/npm-run-path": {
      "version": "5.1.0",
      "license": "MIT",
      "dependencies": {
        "path-key": "^4.0.0"
      },
      "engines": {
        "node": "^12.20.0 || ^14.13.1 || >=16.0.0"
      },
      "funding": {
        "url": "https://github.com/sponsors/sindresorhus"
      }
    },
    "node_modules/npm-run-path/node_modules/path-key": {
      "version": "4.0.0",
      "license": "MIT",
      "engines": {
        "node": ">=12"
      },
      "funding": {
        "url": "https://github.com/sponsors/sindresorhus"
      }
    },
    "node_modules/onetime": {
      "version": "6.0.0",
      "license": "MIT",
      "dependencies": {
        "mimic-fn": "^4.0.0"
      },
      "engines": {
        "node": ">=12"
      },
      "funding": {
        "url": "https://github.com/sponsors/sindresorhus"
      }
    },
    "node_modules/path-key": {
      "version": "3.1.1",
      "license": "MIT",
      "engines": {
        "node": ">=8"
      }
    },
    "node_modules/shebang-command": {
      "version": "2.0.0",
      "license": "MIT",
      "dependencies": {
        "shebang-regex": "^3.0.0"
      },
      "engines": {
        "node": ">=8"
      }
    },
    "node_modules/shebang-regex": {
      "version": "3.0.0",
      "license": "MIT",
      "engines": {
        "node": ">=8"
      }
    },
    "node_modules/signal-exit": {
      "version": "3.0.7",
      "license": "ISC"
    },
    "node_modules/strip-final-newline": {
      "version": "3.0.0",
      "license": "MIT",
      "engines": {
        "node": ">=12"
      },
      "funding": {
        "url": "https://github.com/sponsors/sindresorhus"
      }
    },
    "node_modules/uuid": {
      "version": "8.3.2",
      "license": "MIT",
      "bin": {
        "uuid": "dist/bin/uuid"
      }
    },
    "node_modules/which": {
      "version": "2.0.2",
      "license": "ISC",
      "dependencies": {
        "isexe": "^2.0.0"
      },
      "bin": {
        "node-which": "bin/node-which"
      },
      "engines": {
        "node": ">= 8"
      }
    }
  },
  "dependencies": {
    "@types/node": {
      "version": "17.0.35",
      "dev": true
    },
    "airplane": {
      "version": "0.1.2",
      "requires": {
        "uuid": "^8.3.0"
      }
    },
    "cross-spawn": {
      "version": "7.0.3",
      "requires": {
        "path-key": "^3.1.0",
        "shebang-command": "^2.0.0",
        "which": "^2.0.1"
      }
    },
    "execa": {
      "version": "6.1.0",
      "requires": {
        "cross-spawn": "^7.0.3",
        "get-stream": "^6.0.1",
        "human-signals": "^3.0.1",
        "is-stream": "^3.0.0",
        "merge-stream": "^2.0.0",
        "npm-run-path": "^5.1.0",
        "onetime": "^6.0.0",
        "signal-exit": "^3.0.7",
        "strip-final-newline": "^3.0.0"
      }
    },
    "get-stream": {
      "version": "6.0.1"
    },
    "human-signals": {
      "version": "3.0.1"
    },
    "is-stream": {
      "version": "3.0.0"
    },
    "isexe": {
      "version": "2.0.0"
    },
    "merge-stream": {
      "version": "2.0.0"
    },
    "mimic-fn": {
      "version": "4.0.0"
    },
    "npm-run-path": {
      "version": "5.1.0",
      "requires": {
        "path-key": "^4.0.0"
      },
      "dependencies": {
        "path-key": {
          "version": "4.0.0"
        }
      }
    },
    "onetime": {
      "version": "6.0.0",
      "requires": {
        "mimic-fn": "^4.0.0"
      }
    },
    "path-key": {
      "version": "3.1.1"
    },
    "shebang-command": {
      "version": "2.0.0",
      "requires": {
        "shebang-regex": "^3.0.0"
      }
    },
    "shebang-regex": {
      "version": "3.0.0"
    },
    "signal-exit": {
      "version": "3.0.7"
    },
    "strip-final-newline": {
      "version": "3.0.0"
    },
    "uuid": {
      "version": "8.3.2"
    },
    "which": {
      "version": "2.0.2",
      "requires": {
        "isexe": "^2.0.0"
      }
    }
  }
}
